
Microsoft Visual Studio Solution File, Format Version 12.00
# Visual Studio Version 17
VisualStudioVersion = 17.3.32922.545
MinimumVisualStudioVersion = 10.0.40219.1
Project("{9A19103F-16F7-4668-BE54-9A1E7A4F7556}") = "APItest3", "API test3\APItest3.csproj", "{A78740BE-A580-4E3F-B161-D97F339AB954}"
EndProject
Project("{9A19103F-16F7-4668-BE54-9A1E7A4F7556}") = "ApplicationWeb", "ApplicationWeb\ApplicationWeb.csproj", "{392B3814-26D3-4BA2-B2D2-406C1A2CC84E}"
EndProject
Project("{FAE04EC0-301F-11D3-BF4B-00C04F79EFBC}") = "ApplicationDesktop", "ApplicationDesktop\ApplicationDesktop.csproj", "{4CE85484-9E76-4EA4-B6E9-8B137CA0B929}"
	ProjectSection(ProjectDependencies) = postProject
		{A78740BE-A580-4E3F-B161-D97F339AB954} = {A78740BE-A580-4E3F-B161-D97F339AB954}
	EndProjectSection
EndProject
Project("{9A19103F-16F7-4668-BE54-9A1E7A4F7556}") = "ApplicationMobile", "ApplicationMobile\ApplicationMobile.csproj", "{4A9848AD-890A-47FC-A0C4-3FFD44BC3C7D}"
EndProject
Project("{FAE04EC0-301F-11D3-BF4B-00C04F79EFBC}") = "Pointeuse", "Pointeuse\Pointeuse.csproj", "{D14534E9-EB2A-4B5E-9719-BBB5A7D7DF7A}"
EndProject
Global
	GlobalSection(SolutionConfigurationPlatforms) = preSolution
		Debug|Any CPU = Debug|Any CPU
		Release|Any CPU = Release|Any CPU
	EndGlobalSection
	GlobalSection(ProjectConfigurationPlatforms) = postSolution
		{A78740BE-A580-4E3F-B161-D97F339AB954}.Debug|Any CPU.ActiveCfg = Debug|Any CPU
		{A78740BE-A580-4E3F-B161-D97F339AB954}.Debug|Any CPU.Build.0 = Debug|Any CPU
		{A78740BE-A580-4E3F-B161-D97F339AB954}.Release|Any CPU.ActiveCfg = Release|Any CPU
		{A78740BE-A580-4E3F-B161-D97F339AB954}.Release|Any CPU.Build.0 = Release|Any CPU
		{392B3814-26D3-4BA2-B2D2-406C1A2CC84E}.Debug|Any CPU.ActiveCfg = Debug|Any CPU
		{392B3814-26D3-4BA2-B2D2-406C1A2CC84E}.Debug|Any CPU.Build.0 = Debug|Any CPU
		{392B3814-26D3-4BA2-B2D2-406C1A2CC84E}.Release|Any CPU.ActiveCfg = Release|Any CPU
		{392B3814-26D3-4BA2-B2D2-406C1A2CC84E}.Release|Any CPU.Build.0 = Release|Any CPU
		{4CE85484-9E76-4EA4-B6E9-8B137CA0B929}.Debug|Any CPU.ActiveCfg = Debug|Any CPU
		{4CE85484-9E76-4EA4-B6E9-8B137CA0B929}.Debug|Any CPU.Build.0 = Debug|Any CPU
		{4CE85484-9E76-4EA4-B6E9-8B137CA0B929}.Release|Any CPU.ActiveCfg = Release|Any CPU
		{4CE85484-9E76-4EA4-B6E9-8B137CA0B929}.Release|Any CPU.Build.0 = Release|Any CPU
		{4A9848AD-890A-47FC-A0C4-3FFD44BC3C7D}.Debug|Any CPU.ActiveCfg = Debug|Any CPU
		{4A9848AD-890A-47FC-A0C4-3FFD44BC3C7D}.Debug|Any CPU.Build.0 = Debug|Any CPU
		{4A9848AD-890A-47FC-A0C4-3FFD44BC3C7D}.Debug|Any CPU.Deploy.0 = Debug|Any CPU
		{4A9848AD-890A-47FC-A0C4-3FFD44BC3C7D}.Release|Any CPU.ActiveCfg = Release|Any CPU
		{4A9848AD-890A-47FC-A0C4-3FFD44BC3C7D}.Release|Any CPU.Build.0 = Release|Any CPU
		{4A9848AD-890A-47FC-A0C4-3FFD44BC3C7D}.Release|Any CPU.Deploy.0 = Release|Any CPU
		{D14534E9-EB2A-4B5E-9719-BBB5A7D7DF7A}.Debug|Any CPU.ActiveCfg = Debug|Any CPU
		{D14534E9-EB2A-4B5E-9719-BBB5A7D7DF7A}.Debug|Any CPU.Build.0 = Debug|Any CPU
		{D14534E9-EB2A-4B5E-9719-BBB5A7D7DF7A}.Release|Any CPU.ActiveCfg = Release|Any CPU
		{D14534E9-EB2A-4B5E-9719-BBB5A7D7DF7A}.Release|Any CPU.Build.0 = Release|Any CPU
	EndGlobalSection
	GlobalSection(SolutionProperties) = preSolution
		HideSolutionNode = FALSE
	EndGlobalSection
	GlobalSection(ExtensibilityGlobals) = postSolution
		SolutionGuid = {6033963C-C3E3-45AA-9C1E-6D08CE6D6A13}
	EndGlobalSection
EndGlobal
